
Microsoft Visual Studio Solution File, Format Version 12.00
# Visual Studio 15
VisualStudioVersion = 15.0.27130.2027
MinimumVisualStudioVersion = 10.0.40219.1
Project("{FAE04EC0-301F-11D3-BF4B-00C04F79EFBC}") = "Fibo", "Fibo\Fibo.csproj", "{031AE085-6321-46B3-B4AF-2972C7B5DC00}"
EndProject
Project("{FAE04EC0-301F-11D3-BF4B-00C04F79EFBC}") = "ConsoleApp1", "ConsoleApp1\ConsoleApp1.csproj", "{6FA903E4-2378-4091-AC87-8967B090EC9D}"
EndProject
Project("{FAE04EC0-301F-11D3-BF4B-00C04F79EFBC}") = "FiboTest", "FiboTest\FiboTest.csproj", "{3AB6B5A9-BDA0-4BB7-995D-C3677F68696F}"
EndProject
Project("{FAE04EC0-301F-11D3-BF4B-00C04F79EFBC}") = "MyCountry", "MyCountry\MyCountry.csproj", "{FE86F461-3FCB-40F7-BD6A-9347F686EF86}"
EndProject
Project("{FAE04EC0-301F-11D3-BF4B-00C04F79EFBC}") = "MyCountryTest", "MyCountryTest\MyCountryTest.csproj", "{571A2963-D57A-4775-81CE-E1FD7C2237A6}"
EndProject
Global
	GlobalSection(SolutionConfigurationPlatforms) = preSolution
		Debug|Any CPU = Debug|Any CPU
		Release|Any CPU = Release|Any CPU
	EndGlobalSection
	GlobalSection(ProjectConfigurationPlatforms) = postSolution
		{031AE085-6321-46B3-B4AF-2972C7B5DC00}.Debug|Any CPU.ActiveCfg = Debug|Any CPU
		{031AE085-6321-46B3-B4AF-2972C7B5DC00}.Debug|Any CPU.Build.0 = Debug|Any CPU
		{031AE085-6321-46B3-B4AF-2972C7B5DC00}.Release|Any CPU.ActiveCfg = Release|Any CPU
		{031AE085-6321-46B3-B4AF-2972C7B5DC00}.Release|Any CPU.Build.0 = Release|Any CPU
		{6FA903E4-2378-4091-AC87-8967B090EC9D}.Debug|Any CPU.ActiveCfg = Debug|Any CPU
		{6FA903E4-2378-4091-AC87-8967B090EC9D}.Debug|Any CPU.Build.0 = Debug|Any CPU
		{6FA903E4-2378-4091-AC87-8967B090EC9D}.Release|Any CPU.ActiveCfg = Release|Any CPU
		{6FA903E4-2378-4091-AC87-8967B090EC9D}.Release|Any CPU.Build.0 = Release|Any CPU
		{3AB6B5A9-BDA0-4BB7-995D-C3677F68696F}.Debug|Any CPU.ActiveCfg = Debug|Any CPU
		{3AB6B5A9-BDA0-4BB7-995D-C3677F68696F}.Debug|Any CPU.Build.0 = Debug|Any CPU
		{3AB6B5A9-BDA0-4BB7-995D-C3677F68696F}.Release|Any CPU.ActiveCfg = Release|Any CPU
		{3AB6B5A9-BDA0-4BB7-995D-C3677F68696F}.Release|Any CPU.Build.0 = Release|Any CPU
		{FE86F461-3FCB-40F7-BD6A-9347F686EF86}.Debug|Any CPU.ActiveCfg = Debug|Any CPU
		{FE86F461-3FCB-40F7-BD6A-9347F686EF86}.Debug|Any CPU.Build.0 = Debug|Any CPU
		{FE86F461-3FCB-40F7-BD6A-9347F686EF86}.Release|Any CPU.ActiveCfg = Release|Any CPU
		{FE86F461-3FCB-40F7-BD6A-9347F686EF86}.Release|Any CPU.Build.0 = Release|Any CPU
		{571A2963-D57A-4775-81CE-E1FD7C2237A6}.Debug|Any CPU.ActiveCfg = Debug|Any CPU
		{571A2963-D57A-4775-81CE-E1FD7C2237A6}.Debug|Any CPU.Build.0 = Debug|Any CPU
		{571A2963-D57A-4775-81CE-E1FD7C2237A6}.Release|Any CPU.ActiveCfg = Release|Any CPU
		{571A2963-D57A-4775-81CE-E1FD7C2237A6}.Release|Any CPU.Build.0 = Release|Any CPU
	EndGlobalSection
	GlobalSection(SolutionProperties) = preSolution
		HideSolutionNode = FALSE
	EndGlobalSection
	GlobalSection(ExtensibilityGlobals) = postSolution
		SolutionGuid = {9742AFCC-0D05-40B3-AD1A-812031FA3959}
	EndGlobalSection
EndGlobal
